{
  "name": "tmp_payos",
  "version": "1.0.0",
  "lockfileVersion": 3,
  "requires": true,
  "packages": {
    "": {
      "name": "tmp_payos",
      "version": "1.0.0",
      "license": "ISC",
      "dependencies": {
        "@payos/node": "^2.0.5"
      }
    },
    "node_modules/@payos/node": {
      "version": "2.0.5",
      "resolved": "https://registry.npmjs.org/@payos/node/-/node-2.0.5.tgz",
      "integrity": "sha512-y2dRfqVMerbBr0gapFqNA+QwzJmhC0Hi0+IaXhOsXEOBRjIe9ZgeFqI3JBF3mXSM3YSf5HAjTAAk2XYtCvMpBQ==",
      "license": "ISC"
    }
  }
}
